// !$*UTF8*$!
{
	archiveVersion = 1;
	classes = {
	};
	objectVersion = 46;
	objects = {

/* Begin PBXBuildFile section */
		972AB00C1B4EF03000C3C83E /* main.m in Sources */ = {isa = PBXBuildFile; fileRef = 972AB00B1B4EF03000C3C83E /* main.m */; };
		972AB00F1B4EF03000C3C83E /* AppDelegate.m in Sources */ = {isa = PBXBuildFile; fileRef = 972AB00E1B4EF03000C3C83E /* AppDelegate.m */; };
		972AB0121B4EF03000C3C83E /* ViewController.m in Sources */ = {isa = PBXBuildFile; fileRef = 972AB0111B4EF03000C3C83E /* ViewController.m */; };
		972AB0151B4EF03000C3C83E /* Main.storyboard in Resources */ = {isa = PBXBuildFile; fileRef = 972AB0131B4EF03000C3C83E /* Main.storyboard */; };
		972AB0171B4EF03000C3C83E /* Images.xcassets in Resources */ = {isa = PBXBuildFile; fileRef = 972AB0161B4EF03000C3C83E /* Images.xcassets */; };
		972AB01A1B4EF03000C3C83E /* LaunchScreen.xib in Resources */ = {isa = PBXBuildFile; fileRef = 972AB0181B4EF03000C3C83E /* LaunchScreen.xib */; };
		972AB0261B4EF03000C3C83E /* Fastest_RPMTests.m in Sources */ = {isa = PBXBuildFile; fileRef = 972AB0251B4EF03000C3C83E /* Fastest_RPMTests.m */; };
/* End PBXBuildFile section */

/* Begin PBXContainerItemProxy section */
		972AB0201B4EF03000C3C83E /* PBXContainerItemProxy */ = {
			isa = PBXContainerItemProxy;
			containerPortal = 972AAFFE1B4EF03000C3C83E /* Project object */;
			proxyType = 1;
			remoteGlobalIDString = 972AB0051B4EF03000C3C83E;
			remoteInfo = "Fastest RPM";
		};
/* End PBXContainerItemProxy section */

/* Begin PBXFileReference section */
		972AB0061B4EF03000C3C83E /* Fastest RPM.app */ = {isa = PBXFileReference; explicitFileType = wrapper.application; includeInIndex = 0; path = "Fastest RPM.app"; sourceTree = BUILT_PRODUCTS_DIR; };
		972AB00A1B4EF03000C3C83E /* Info.plist */ = {isa = PBXFileReference; lastKnownFileType = text.plist.xml; path = Info.plist; sourceTree = "<group>"; };
		972AB00B1B4EF03000C3C83E /* main.m */ = {isa = PBXFileReference; lastKnownFileType = sourcecode.c.objc; path = main.m; sourceTree = "<group>"; };
		972AB00D1B4EF03000C3C83E /* AppDelegate.h */ = {isa = PBXFileReference; lastKnownFileType = sourcecode.c.h; path = AppDelegate.h; sourceTree = "<group>"; };
		972AB00E1B4EF03000C3C83E /* AppDelegate.m */ = {isa = PBXFileReference; lastKnownFileType = sourcecode.c.objc; path = AppDelegate.m; sourceTree = "<group>"; };
		972AB0101B4EF03000C3C83E /* ViewController.h */ = {isa = PBXFileReference; lastKnownFileType = sourcecode.c.h; path = ViewController.h; sourceTree = "<group>"; };
		972AB0111B4EF03000C3C83E /* ViewController.m */ = {isa = PBXFileReference; lastKnownFileType = sourcecode.c.objc; path = ViewController.m; sourceTree = "<group>"; };
		972AB0141B4EF03000C3C83E /* Base */ = {isa = PBXFileReference; lastKnownFileType = file.storyboard; name = Base; path = Base.lproj/Main.storyboard; sourceTree = "<group>"; };
		972AB0161B4EF03000C3C83E /* Images.xcassets */ = {isa = PBXFileReference; lastKnownFileType = folder.assetcatalog; path = Images.xcassets; sourceTree = "<group>"; };
		972AB0191B4EF03000C3C83E /* Base */ = {isa = PBXFileReference; lastKnownFileType = file.xib; name = Base; path = Base.lproj/LaunchScreen.xib; sourceTree = "<group>"; };
		972AB01F1B4EF03000C3C83E /* Fastest RPMTests.xctest */ = {isa = PBXFileReference; explicitFileType = wrapper.cfbundle; includeInIndex = 0; path = "Fastest RPMTests.xctest"; sourceTree = BUILT_PRODUCTS_DIR; };
		972AB0241B4EF03000C3C83E /* Info.plist */ = {isa = PBXFileReference; lastKnownFileType = text.plist.xml; path = Info.plist; sourceTree = "<group>"; };
		972AB0251B4EF03000C3C83E /* Fastest_RPMTests.m */ = {isa = PBXFileReference; lastKnownFileType = sourcecode.c.objc; path = Fastest_RPMTests.m; sourceTree = "<group>"; };
/* End PBXFileReference section */

/* Begin PBXFrameworksBuildPhase section */
		972AB0031B4EF03000C3C83E /* Frameworks */ = {
			isa = PBXFrameworksBuildPhase;
			buildActionMask = 2147483647;
			files = (
			);
			runOnlyForDeploymentPostprocessing = 0;
		};
		972AB01C1B4EF03000C3C83E /* Frameworks */ = {
			isa = PBXFrameworksBuildPhase;
			buildActionMask = 2147483647;
			files = (
			);
			runOnlyForDeploymentPostprocessing = 0;
		};
/* End PBXFrameworksBuildPhase section */

/* Begin PBXGroup section */
		972AAFFD1B4EF03000C3C83E = {
			isa = PBXGroup;
			children = (
				972AB0081B4EF03000C3C83E /* Fastest RPM */,
				972AB0221B4EF03000C3C83E /* Fastest RPMTests */,
				972AB0071B4EF03000C3C83E /* Products */,
			);
			sourceTree = "<group>";
		};
		972AB0071B4EF03000C3C83E /* Products */ = {
			isa = PBXGroup;
			children = (
				972AB0061B4EF03000C3C83E /* Fastest RPM.app */,
				972AB01F1B4EF03000C3C83E /* Fastest RPMTests.xctest */,
			);
			name = Products;
			sourceTree = "<group>";
		};
		972AB0081B4EF03000C3C83E /* Fastest RPM */ = {
			isa = PBXGroup;
			children = (
				972AB00D1B4EF03000C3C83E /* AppDelegate.h */,
				972AB00E1B4EF03000C3C83E /* AppDelegate.m */,
				972AB0101B4EF03000C3C83E /* ViewController.h */,
				972AB0111B4EF03000C3C83E /* ViewController.m */,
				972AB0131B4EF03000C3C83E /* Main.storyboard */,
				972AB0161B4EF03000C3C83E /* Images.xcassets */,
				972AB0181B4EF03000C3C83E /* LaunchScreen.xib */,
				972AB0091B4EF03000C3C83E /* Supporting Files */,
			);
			path = "Fastest RPM";
			sourceTree = "<group>";
		};
		972AB0091B4EF03000C3C83E /* Supporting Files */ = {
			isa = PBXGroup;
			children = (
				972AB00A1B4EF03000C3C83E /* Info.plist */,
				972AB00B1B4EF03000C3C83E /* main.m */,
			);
			name = "Supporting Files";
			sourceTree = "<group>";
		};
		972AB0221B4EF03000C3C83E /* Fastest RPMTests */ = {
			isa = PBXGroup;
			children = (
				972AB0251B4EF03000C3C83E /* Fastest_RPMTests.m */,
				972AB0231B4EF03000C3C83E /* Supporting Files */,
			);
			path = "Fastest RPMTests";
			sourceTree = "<group>";
		};
		972AB0231B4EF03000C3C83E /* Supporting Files */ = {
			isa = PBXGroup;
			children = (
				972AB0241B4EF03000C3C83E /* Info.plist */,
			);
			name = "Supporting Files";
			sourceTree = "<group>";
		};
/* End PBXGroup section */

/* Begin PBXNativeTarget section */
		972AB0051B4EF03000C3C83E /* Fastest RPM */ = {
			isa = PBXNativeTarget;
			buildConfigurationList = 972AB0291B4EF03000C3C83E /* Build configuration list for PBXNativeTarget "Fastest RPM" */;
			buildPhases = (
				972AB0021B4EF03000C3C83E /* Sources */,
				972AB0031B4EF03000C3C83E /* Frameworks */,
				972AB0041B4EF03000C3C83E /* Resources */,
			);
			buildRules = (
			);
			dependencies = (
			);
			name = "Fastest RPM";
			productName = "Fastest RPM";
			productReference = 972AB0061B4EF03000C3C83E /* Fastest RPM.app */;
			productType = "com.apple.product-type.application";
		};
		972AB01E1B4EF03000C3C83E /* Fastest RPMTests */ = {
			isa = PBXNativeTarget;
			buildConfigurationList = 972AB02C1B4EF03000C3C83E /* Build configuration list for PBXNativeTarget "Fastest RPMTests" */;
			buildPhases = (
				972AB01B1B4EF03000C3C83E /* Sources */,
				972AB01C1B4EF03000C3C83E /* Frameworks */,
				972AB01D1B4EF03000C3C83E /* Resources */,
			);
			buildRules = (
			);
			dependencies = (
				972AB0211B4EF03000C3C83E /* PBXTargetDependency */,
			);
			name = "Fastest RPMTests";
			productName = "Fastest RPMTests";
			productReference = 972AB01F1B4EF03000C3C83E /* Fastest RPMTests.xctest */;
			productType = "com.apple.product-type.bundle.unit-test";
		};
/* End PBXNativeTarget section */

/* Begin PBXProject section */
		972AAFFE1B4EF03000C3C83E /* Project object */ = {
			isa = PBXProject;
			attributes = {
				LastUpgradeCheck = 0640;
				ORGANIZATIONNAME = "Cody Zazulak";
				TargetAttributes = {
					972AB0051B4EF03000C3C83E = {
						CreatedOnToolsVersion = 6.4;
					};
					972AB01E1B4EF03000C3C83E = {
						CreatedOnToolsVersion = 6.4;
						TestTargetID = 972AB0051B4EF03000C3C83E;
					};
				};
			};
			buildConfigurationList = 972AB0011B4EF03000C3C83E /* Build configuration list for PBXProject "Fastest RPM" */;
			compatibilityVersion = "Xcode 3.2";
			developmentRegion = English;
			hasScannedForEncodings = 0;
			knownRegions = (
				en,
				Base,
			);
			mainGroup = 972AAFFD1B4EF03000C3C83E;
			productRefGroup = 972AB0071B4EF03000C3C83E /* Products */;
			projectDirPath = "";
			projectRoot = "";
			targets = (
				972AB0051B4EF03000C3C83E /* Fastest RPM */,
				972AB01E1B4EF03000C3C83E /* Fastest RPMTests */,
			);
		};
/* End PBXProject section */

/* Begin PBXResourcesBuildPhase section */
		972AB0041B4EF03000C3C83E /* Resources */ = {
			isa = PBXResourcesBuildPhase;
			buildActionMask = 2147483647;
			files = (
				972AB0151B4EF03000C3C83E /* Main.storyboard in Resources */,
				972AB01A1B4EF03000C3C83E /* LaunchScreen.xib in Resources */,
				972AB0171B4EF03000C3C83E /* Images.xcassets in Resources */,
			);
			runOnlyForDeploymentPostprocessing = 0;
		};
		972AB01D1B4EF03000C3C83E /* Resources */ = {
			isa = PBXResourcesBuildPhase;
			buildActionMask = 2147483647;
			files = (
			);
			runOnlyForDeploymentPostprocessing = 0;
		};
/* End PBXResourcesBuildPhase section */

/* Begin PBXSourcesBuildPhase section */
		972AB0021B4EF03000C3C83E /* Sources */ = {
			isa = PBXSourcesBuildPhase;
			buildActionMask = 2147483647;
			files = (
				972AB0121B4EF03000C3C83E /* ViewController.m in Sources */,
				972AB00F1B4EF03000C3C83E /* AppDelegate.m in Sources */,
				972AB00C1B4EF03000C3C83E /* main.m in Sources */,
			);
			runOnlyForDeploymentPostprocessing = 0;
		};
		972AB01B1B4EF03000C3C83E /* Sources */ = {
			isa = PBXSourcesBuildPhase;
			buildActionMask = 2147483647;
			files = (
				972AB0261B4EF03000C3C83E /* Fastest_RPMTests.m in Sources */,
			);
			runOnlyForDeploymentPostprocessing = 0;
		};
/* End PBXSourcesBuildPhase section */

/* Begin PBXTargetDependency section */
		972AB0211B4EF03000C3C83E /* PBXTargetDependency */ = {
			isa = PBXTargetDependency;
			target = 972AB0051B4EF03000C3C83E /* Fastest RPM */;
			targetProxy = 972AB0201B4EF03000C3C83E /* PBXContainerItemProxy */;
		};
/* End PBXTargetDependency section */

/* Begin PBXVariantGroup section */
		972AB0131B4EF03000C3C83E /* Main.storyboard */ = {
			isa = PBXVariantGroup;
			children = (
				972AB0141B4EF03000C3C83E /* Base */,
			);
			name = Main.storyboard;
			sourceTree = "<group>";
		};
		972AB0181B4EF03000C3C83E /* LaunchScreen.xib */ = {
			isa = PBXVariantGroup;
			children = (
				972AB0191B4EF03000C3C83E /* Base */,
			);
			name = LaunchScreen.xib;
			sourceTree = "<group>";
		};
/* End PBXVariantGroup section */

/* Begin XCBuildConfiguration section */
		972AB0271B4EF03000C3C83E /* Debug */ = {
			isa = XCBuildConfiguration;
			buildSettings = {
				ALWAYS_SEARCH_USER_PATHS = NO;
				CLANG_CXX_LANGUAGE_STANDARD = "gnu++0x";
				CLANG_CXX_LIBRARY = "libc++";
				CLANG_ENABLE_MODULES = YES;
				CLANG_ENABLE_OBJC_ARC = YES;
				CLANG_WARN_BOOL_CONVERSION = YES;
				CLANG_WARN_CONSTANT_CONVERSION = YES;
				CLANG_WARN_DIRECT_OBJC_ISA_USAGE = YES_ERROR;
				CLANG_WARN_EMPTY_BODY = YES;
				CLANG_WARN_ENUM_CONVERSION = YES;
				CLANG_WARN_INT_CONVERSION = YES;
				CLANG_WARN_OBJC_ROOT_CLASS = YES_ERROR;
				CLANG_WARN_UNREACHABLE_CODE = YES;
				CLANG_WARN__DUPLICATE_METHOD_MATCH = YES;
				"CODE_SIGN_IDENTITY[sdk=iphoneos*]" = "iPhone Developer";
				COPY_PHASE_STRIP = NO;
				DEBUG_INFORMATION_FORMAT = "dwarf-with-dsym";
				ENABLE_STRICT_OBJC_MSGSEND = YES;
				GCC_C_LANGUAGE_STANDARD = gnu99;
				GCC_DYNAMIC_NO_PIC = NO;
				GCC_NO_COMMON_BLOCKS = YES;
				GCC_OPTIMIZATION_LEVEL = 0;
				GCC_PREPROCESSOR_DEFINITIONS = (
					"DEBUG=1",
					"$(inherited)",
				);
				GCC_SYMBOLS_PRIVATE_EXTERN = NO;
				GCC_WARN_64_TO_32_BIT_CONVERSION = YES;
				GCC_WARN_ABOUT_RETURN_TYPE = YES_ERROR;
				GCC_WARN_UNDECLARED_SELECTOR = YES;
				GCC_WARN_UNINITIALIZED_AUTOS = YES_AGGRESSIVE;
				GCC_WARN_UNUSED_FUNCTION = YES;
				GCC_WARN_UNUSED_VARIABLE = YES;
				IPHONEOS_DEPLOYMENT_TARGET = 8.4;
				MTL_ENABLE_DEBUG_INFO = YES;
				ONLY_ACTIVE_ARCH = YES;
				SDKROOT = iphoneos;
			};
			name = Debug;
		};
		972AB0281B4EF03000C3C83E /* Release */ = {
			isa = XCBuildConfiguration;
			buildSettings = {
				ALWAYS_SEARCH_USER_PATHS = NO;
				CLANG_CXX_LANGUAGE_STANDARD = "gnu++0x";
				CLANG_CXX_LIBRARY = "libc++";
				CLANG_ENABLE_MODULES = YES;
				CLANG_ENABLE_OBJC_ARC = YES;
				CLANG_WARN_BOOL_CONVERSION = YES;
				CLANG_WARN_CONSTANT_CONVERSION = YES;
				CLANG_WARN_DIRECT_OBJC_ISA_USAGE = YES_ERROR;
				CLANG_WARN_EMPTY_BODY = YES;
				CLANG_WARN_ENUM_CONVERSION = YES;
				CLANG_WARN_INT_CONVERSION = YES;
				CLANG_WARN_OBJC_ROOT_CLASS = YES_ERROR;
				CLANG_WARN_UNREACHABLE_CODE = YES;
				CLANG_WARN__DUPLICATE_METHOD_MATCH = YES;
				"CODE_SIGN_IDENTITY[sdk=iphoneos*]" = "iPhone Developer";
				COPY_PHASE_STRIP = NO;
				DEBUG_INFORMATION_FORMAT = "dwarf-with-dsym";
				ENABLE_NS_ASSERTIONS = NO;
				ENABLE_STRICT_OBJC_MSGSEND = YES;
				GCC_C_LANGUAGE_STANDARD = gnu99;
				GCC_NO_COMMON_BLOCKS = YES;
				GCC_WARN_64_TO_32_BIT_CONVERSION = YES;
				GCC_WARN_ABOUT_RETURN_TYPE = YES_ERROR;
				GCC_WARN_UNDECLARED_SELECTOR = YES;
				GCC_WARN_UNINITIALIZED_AUTOS = YES_AGGRESSIVE;
				GCC_WARN_UNUSED_FUNCTION = YES;
				GCC_WARN_UNUSED_VARIABLE = YES;
				IPHONEOS_DEPLOYMENT_TARGET = 8.4;
				MTL_ENABLE_DEBUG_INFO = NO;
				SDKROOT = iphoneos;
				VALIDATE_PRODUCT = YES;
			};
			name = Release;
		};
		972AB02A1B4EF03000C3C83E /* Debug */ = {
			isa = XCBuildConfiguration;
			buildSettings = {
				ASSETCATALOG_COMPILER_APPICON_NAME = AppIcon;
				INFOPLIST_FILE = "Fastest RPM/Info.plist";
				LD_RUNPATH_SEARCH_PATHS = "$(inherited) @executable_path/Frameworks";
				PRODUCT_NAME = "$(TARGET_NAME)";
			};
			name = Debug;
		};
		972AB02B1B4EF03000C3C83E /* Release */ = {
			isa = XCBuildConfiguration;
			buildSettings = {
				ASSETCATALOG_COMPILER_APPICON_NAME = AppIcon;
				INFOPLIST_FILE = "Fastest RPM/Info.plist";
				LD_RUNPATH_SEARCH_PATHS = "$(inherited) @executable_path/Frameworks";
				PRODUCT_NAME = "$(TARGET_NAME)";
			};
			name = Release;
		};
		972AB02D1B4EF03000C3C83E /* Debug */ = {
			isa = XCBuildConfiguration;
			buildSettings = {
				BUNDLE_LOADER = "$(TEST_HOST)";
				FRAMEWORK_SEARCH_PATHS = (
					"$(SDKROOT)/Developer/Library/Frameworks",
					"$(inherited)",
				);
				GCC_PREPROCESSOR_DEFINITIONS = (
					"DEBUG=1",
					"$(inherited)",
				);
				INFOPLIST_FILE = "Fastest RPMTests/Info.plist";
				LD_RUNPATH_SEARCH_PATHS = "$(inherited) @executable_path/Frameworks @loader_path/Frameworks";
				PRODUCT_NAME = "$(TARGET_NAME)";
				TEST_HOST = "$(BUILT_PRODUCTS_DIR)/Fastest RPM.app/Fastest RPM";
			};
			name = Debug;
		};
		972AB02E1B4EF03000C3C83E /* Release */ = {
			isa = XCBuildConfiguration;
			buildSettings = {
				BUNDLE_LOADER = "$(TEST_HOST)";
				FRAMEWORK_SEARCH_PATHS = (
					"$(SDKROOT)/Developer/Library/Frameworks",
					"$(inherited)",
				);
				INFOPLIST_FILE = "Fastest RPMTests/Info.plist";
				LD_RUNPATH_SEARCH_PATHS = "$(inherited) @executable_path/Frameworks @loader_path/Frameworks";
				PRODUCT_NAME = "$(TARGET_NAME)";
				TEST_HOST = "$(BUILT_PRODUCTS_DIR)/Fastest RPM.app/Fastest RPM";
			};
			name = Release;
		};
/* End XCBuildConfiguration section */

/* Begin XCConfigurationList section */
		972AB0011B4EF03000C3C83E /* Build configuration list for PBXProject "Fastest RPM" */ = {
			isa = XCConfigurationList;
			buildConfigurations = (
				972AB0271B4EF03000C3C83E /* Debug */,
				972AB0281B4EF03000C3C83E /* Release */,
			);
			defaultConfigurationIsVisible = 0;
			defaultConfigurationName = Release;
		};
		972AB0291B4EF03000C3C83E /* Build configuration list for PBXNativeTarget "Fastest RPM" */ = {
			isa = XCConfigurationList;
			buildConfigurations = (
				972AB02A1B4EF03000C3C83E /* Debug */,
				972AB02B1B4EF03000C3C83E /* Release */,
			);
			defaultConfigurationIsVisible = 0;
		};
		972AB02C1B4EF03000C3C83E /* Build configuration list for PBXNativeTarget "Fastest RPMTests" */ = {
			isa = XCConfigurationList;
			buildConfigurations = (
				972AB02D1B4EF03000C3C83E /* Debug */,
				972AB02E1B4EF03000C3C83E /* Release */,
			);
			defaultConfigurationIsVisible = 0;
		};
/* End XCConfigurationList section */
	};
	rootObject = 972AAFFE1B4EF03000C3C83E /* Project object */;
}
